
Microsoft Visual Studio Solution File, Format Version 12.00
# Visual Studio Version 17
VisualStudioVersion = 17.8.34330.188
MinimumVisualStudioVersion = 10.0.40219.1
Project("{9A19103F-16F7-4668-BE54-9A1E7A4F7556}") = "FHIRInterface.Api", "FHIRMIddleware\FHIRInterface.Api.csproj", "{F4F4C519-1644-4A25-A000-A8D4F4FB7C9A}"
EndProject
Project("{2150E333-8FDC-42A3-9474-1A3956D46DE8}") = "Token", "Token", "{D3DD8E0A-8D61-4C28-967F-5719BD7F9B06}"
EndProject
Project("{9A19103F-16F7-4668-BE54-9A1E7A4F7556}") = "ITokenService", "ITokenService\ITokenService.csproj", "{7BF5FBB3-39B6-462E-AE60-6B25CED413EE}"
EndProject
Project("{9A19103F-16F7-4668-BE54-9A1E7A4F7556}") = "TokenService", "TokenService\TokenService.csproj", "{D9E0B117-83C1-4D28-8594-3778ECC9627C}"
EndProject
Project("{2150E333-8FDC-42A3-9474-1A3956D46DE8}") = "PatientProfile", "PatientProfile", "{B7C9AF4D-E111-4A72-ADFB-76C9459BBDD6}"
EndProject
Project("{9A19103F-16F7-4668-BE54-9A1E7A4F7556}") = "IPatientService", "IPatientService\IPatientService.csproj", "{3370DA32-A759-4FFC-A219-42F5114A85A1}"
EndProject
Project("{9A19103F-16F7-4668-BE54-9A1E7A4F7556}") = "IPatientsInfrastructure", "IPatientInfrastructure\IPatientsInfrastructure.csproj", "{FC4D3D35-717C-46ED-B1CE-31A891308DC5}"
EndProject
Project("{9A19103F-16F7-4668-BE54-9A1E7A4F7556}") = "IPatientsRepository", "IPatientRepository\IPatientsRepository.csproj", "{CC79B242-BA1B-4A5E-9DAD-3D2A2C5F5458}"
EndProject
Project("{9A19103F-16F7-4668-BE54-9A1E7A4F7556}") = "PatientService", "PatientService\PatientService.csproj", "{82C93810-94BC-4C17-8FE8-30F4F1E5C300}"
EndProject
Project("{9A19103F-16F7-4668-BE54-9A1E7A4F7556}") = "PatientsInfrastructure", "PatientInfrastructure\PatientsInfrastructure.csproj", "{5EF98D79-67E0-43EA-ACB4-65D796BA76B3}"
EndProject
Project("{9A19103F-16F7-4668-BE54-9A1E7A4F7556}") = "PatientsRepository", "PatientRepository\PatientsRepository.csproj", "{16C979DD-8730-4439-B207-357E37F41AF6}"
EndProject
Project("{9A19103F-16F7-4668-BE54-9A1E7A4F7556}") = "Interface.Models", "Interface.Models\Interface.Models.csproj", "{FB4D7E0A-E974-480F-BC94-4F075FD7DE63}"
EndProject
Project("{9A19103F-16F7-4668-BE54-9A1E7A4F7556}") = "Interface.Misc", "Interface.Common\Interface.Misc.csproj", "{C1AA5147-5DCD-4D52-A926-AC8FE2346277}"
EndProject
Project("{2150E333-8FDC-42A3-9474-1A3956D46DE8}") = "GeneralLookUp", "GeneralLookUp", "{5AF8309B-BBF4-451B-A34E-53F0F76E8743}"
EndProject
Project("{9A19103F-16F7-4668-BE54-9A1E7A4F7556}") = "IGeneralLookUpService", "IGeneralLookUpService\IGeneralLookUpService.csproj", "{6F51E6A0-0196-4C7E-9AF7-835115BB868F}"
EndProject
Project("{9A19103F-16F7-4668-BE54-9A1E7A4F7556}") = "GeneralLookUpService", "GeneralLookUpService\GeneralLookUpService.csproj", "{4C22CBDC-76D0-4E93-9E50-1B78B10EC6E9}"
EndProject
Project("{9A19103F-16F7-4668-BE54-9A1E7A4F7556}") = "IGeneralLookUpInfrastructure", "IGeneralLookUpInfrastructure\IGeneralLookUpInfrastructure.csproj", "{C7619387-55A8-4FB5-B251-68FA1D8CC139}"
EndProject
Project("{9A19103F-16F7-4668-BE54-9A1E7A4F7556}") = "GeneralLookUpInfrastructure", "GeneralLookUpInfrastructure\GeneralLookUpInfrastructure.csproj", "{B90B8AC2-1788-4D16-8FBD-B02A66ADAAA3}"
EndProject
Project("{9A19103F-16F7-4668-BE54-9A1E7A4F7556}") = "IGeneralLookUpRepository", "IGeneralLookUpRepository\IGeneralLookUpRepository.csproj", "{06720EC7-9B23-4650-90F9-4DDCFDB1CE1B}"
EndProject
Project("{9A19103F-16F7-4668-BE54-9A1E7A4F7556}") = "GeneralLookUpRepository", "GeneralLookUpRepository\GeneralLookUpRepository.csproj", "{75F3889C-5064-48D2-A0FA-6C9C17F8CCED}"
EndProject
Project("{9A19103F-16F7-4668-BE54-9A1E7A4F7556}") = "IPatientMapper", "IPatientMapper\IPatientMapper.csproj", "{90AC5ED6-86F4-41C7-9DAF-9C9E217D861E}"
EndProject
Project("{9A19103F-16F7-4668-BE54-9A1E7A4F7556}") = "PatientMapper", "PatientMapper\PatientMapper.csproj", "{9B710232-D6D6-462B-85BA-394E0616C3A9}"
EndProject
Project("{2150E333-8FDC-42A3-9474-1A3956D46DE8}") = "Helpers", "Helpers", "{72D6A9AD-B874-40C2-A7F6-8824743A6977}"
EndProject
Project("{9A19103F-16F7-4668-BE54-9A1E7A4F7556}") = "GlobalHelpers", "Helpers\GlobalHelpers.csproj", "{8A02F4D4-6623-47D4-A4FA-678439E4DB5D}"
EndProject
Project("{9A19103F-16F7-4668-BE54-9A1E7A4F7556}") = "FHIRMappers", "FHIRMappers\FHIRMappers.csproj", "{E6FF65F5-F77E-4B92-A8C6-00AFE1E21361}"
EndProject
Project("{2150E333-8FDC-42A3-9474-1A3956D46DE8}") = "SolutionContent", "SolutionContent", "{5776575A-BDCF-4EF4-A9DE-EC3E20347BF5}"
EndProject
Project("{2150E333-8FDC-42A3-9474-1A3956D46DE8}") = "DocumentReference", "DocumentReference", "{36A47068-7B71-4797-8EA8-DA737E70DF75}"
EndProject
Project("{9A19103F-16F7-4668-BE54-9A1E7A4F7556}") = "IDocumentReferenceRepository", "IDocumentReferenceRepository\IDocumentReferenceRepository.csproj", "{4F01971C-8817-4A35-90D3-EFE78888D8E1}"
EndProject
Project("{9A19103F-16F7-4668-BE54-9A1E7A4F7556}") = "DocumentReferenceRepository", "DocumentReferenceRepository\DocumentReferenceRepository.csproj", "{6E8172F1-E4C3-48E0-89E8-83E043CCBAC1}"
EndProject
Project("{9A19103F-16F7-4668-BE54-9A1E7A4F7556}") = "IDocumentReferenceService", "IDocumentReferenceService\IDocumentReferenceService.csproj", "{18F37E0D-6889-44FD-971B-3F81C1E519AB}"
EndProject
Project("{9A19103F-16F7-4668-BE54-9A1E7A4F7556}") = "DocumentReferenceService", "DocumentReferenceService\DocumentReferenceService.csproj", "{1CF2FE00-01FE-4CD6-B8FF-CEB346BA6499}"
EndProject
Project("{9A19103F-16F7-4668-BE54-9A1E7A4F7556}") = "IDocumentReferenceInfrastructure", "IDocumentReferenceInfrastructure\IDocumentReferenceInfrastructure.csproj", "{F90F571F-2ADE-4715-8A8A-E0187F318CCE}"
EndProject
Project("{9A19103F-16F7-4668-BE54-9A1E7A4F7556}") = "DocumentReferenceInfrastructure", "DocumentReferenceInfrastructure\DocumentReferenceInfrastructure.csproj", "{53151792-0053-493A-AC9F-B30BBC75B287}"
EndProject
Project("{9A19103F-16F7-4668-BE54-9A1E7A4F7556}") = "IDocumentReferenceMapper", "IDocumentReferenceMapper\IDocumentReferenceMapper.csproj", "{3DBB9868-9997-4DDA-A16D-FA0CD983683A}"
EndProject
Project("{9A19103F-16F7-4668-BE54-9A1E7A4F7556}") = "DocumentReferenceMapper", "DocumentReferenceMapper\DocumentReferenceMapper.csproj", "{45D65819-36EF-4381-9AE3-9E5F0501EB8E}"
EndProject
Project("{2150E333-8FDC-42A3-9474-1A3956D46DE8}") = "Encounter", "Encounter", "{F734D906-F82C-433F-BBF2-1873208AAB47}"
EndProject
Project("{9A19103F-16F7-4668-BE54-9A1E7A4F7556}") = "IImmunizationService", "IImmunizationService\IImmunizationService.csproj", "{F6B7D21A-EE9E-4A75-B83E-876FF82680F0}"
EndProject
Project("{9A19103F-16F7-4668-BE54-9A1E7A4F7556}") = "IImmunizationInfrastructure", "IImmunizationInfrastructure\IImmunizationInfrastructure.csproj", "{7460462F-7B0A-4D78-B938-76656349D827}"
EndProject
Project("{9A19103F-16F7-4668-BE54-9A1E7A4F7556}") = "IImmunizationRepository", "IImmunizationRepository\IImmunizationRepository.csproj", "{61BE26CF-D4F2-4BEC-8117-36F6B7563388}"
EndProject
Project("{9A19103F-16F7-4668-BE54-9A1E7A4F7556}") = "ImmunizationService", "ImmunizationService\ImmunizationService.csproj", "{E38D32D1-3689-490E-BB7A-BA20172490C0}"
EndProject
Project("{9A19103F-16F7-4668-BE54-9A1E7A4F7556}") = "ImmunizationInfrastructure", "ImmunizationInfrastructure\ImmunizationInfrastructure.csproj", "{33D76204-A5CC-4C87-8258-0CCF89873EEC}"
EndProject
Project("{9A19103F-16F7-4668-BE54-9A1E7A4F7556}") = "ImmunizationRepository", "ImmunizationRepository\ImmunizationRepository.csproj", "{FFF87334-BECA-4B8B-8443-68064525A7B5}"
EndProject
Project("{9A19103F-16F7-4668-BE54-9A1E7A4F7556}") = "IEncounterMapper", "IImmunizationMapper\IEncounterMapper.csproj", "{E1837EFE-6A6E-4977-AFEA-174991C90E49}"
EndProject
Project("{9A19103F-16F7-4668-BE54-9A1E7A4F7556}") = "EncounterMapper", "ImmunizationMapper\EncounterMapper.csproj", "{77E54CBA-A320-4A4A-A71F-87E3D6B0171D}"
EndProject
Project("{9A19103F-16F7-4668-BE54-9A1E7A4F7556}") = "IEncounterRepository", "IEncounterRepository\IEncounterRepository.csproj", "{9DC6F552-7720-4A2D-9DD8-8F03BC3B0211}"
EndProject
Project("{9A19103F-16F7-4668-BE54-9A1E7A4F7556}") = "IEncounterInfrastructure", "IEncounterInfrastructure\IEncounterInfrastructure.csproj", "{11E2B101-95EC-4C6E-AAD8-58FD649F722F}"
EndProject
Project("{9A19103F-16F7-4668-BE54-9A1E7A4F7556}") = "IEncounterService", "IEncounterService\IEncounterService.csproj", "{A9CDB84B-DDB0-48BE-B960-E7E17E30EC83}"
EndProject
Project("{9A19103F-16F7-4668-BE54-9A1E7A4F7556}") = "EncounterInfrastructure", "EncounterInfrastructure\EncounterInfrastructure.csproj", "{159C5418-E99C-4578-96BF-D30C55E72D20}"
EndProject
Project("{9A19103F-16F7-4668-BE54-9A1E7A4F7556}") = "EncounterService", "EncounterService\EncounterService.csproj", "{7D511B13-532E-4D9C-9666-8F424FB0F02A}"
EndProject
Project("{9A19103F-16F7-4668-BE54-9A1E7A4F7556}") = "EncounterRepository", "EncounterRepository\EncounterRepository.csproj", "{411C2773-552F-469D-891E-DC1D4CA15F26}"
EndProject
Project("{2150E333-8FDC-42A3-9474-1A3956D46DE8}") = "Practitioner", "Practitioner", "{B130DEC1-6E39-45EC-9A74-DD4493B09455}"
EndProject
Project("{9A19103F-16F7-4668-BE54-9A1E7A4F7556}") = "IPractitionerRepository", "IPractitionerRepository\IPractitionerRepository.csproj", "{D5995410-781C-4CD3-87F0-E974EC1253C2}"
EndProject
Project("{9A19103F-16F7-4668-BE54-9A1E7A4F7556}") = "IPractitionerInfrastructure", "IPractitionerInfrastructure\IPractitionerInfrastructure.csproj", "{611EAC8C-8D6E-4358-9405-152BC45360D0}"
EndProject
Project("{9A19103F-16F7-4668-BE54-9A1E7A4F7556}") = "IPractitionerService", "IPractitionerService\IPractitionerService.csproj", "{0020A6DA-2E56-4763-9F23-2FD1D8CE0B55}"
EndProject
Project("{9A19103F-16F7-4668-BE54-9A1E7A4F7556}") = "PractitionerRepository", "PractitionerRepository\PractitionerRepository.csproj", "{11708895-401A-41F7-AD1B-F04C7D114857}"
EndProject
Project("{9A19103F-16F7-4668-BE54-9A1E7A4F7556}") = "PractitionerService", "PractitionerService\PractitionerService.csproj", "{1498D84D-5860-4700-9AE5-1CE0BCB1739E}"
EndProject
Project("{9A19103F-16F7-4668-BE54-9A1E7A4F7556}") = "PractitionerInfrastructure", "PractitionerInfrastructure\PractitionerInfrastructure.csproj", "{E620CD18-2A62-4DEF-AC22-FEA1F4D4575D}"
EndProject
Project("{2150E333-8FDC-42A3-9474-1A3956D46DE8}") = "Procedure", "Procedure", "{83AC9BD6-62D8-4ACB-9401-822BB5AF117D}"
EndProject
Project("{9A19103F-16F7-4668-BE54-9A1E7A4F7556}") = "IProcedureService", "IProcedureService\IProcedureService.csproj", "{161DC845-D640-47D3-B237-24FE5CC1ECB0}"
EndProject
Project("{9A19103F-16F7-4668-BE54-9A1E7A4F7556}") = "IProcedureInfrastructure", "IProcedureInfrastructure\IProcedureInfrastructure.csproj", "{430BCF64-C9B0-4953-9EA0-CF76AF8CF836}"
EndProject
Project("{9A19103F-16F7-4668-BE54-9A1E7A4F7556}") = "IProcedureRepository", "IProcedureRepository\IProcedureRepository.csproj", "{B8D4F622-AB94-473F-AF99-EC8317718E4B}"
EndProject
Project("{9A19103F-16F7-4668-BE54-9A1E7A4F7556}") = "ProcedureService", "ProcedureService\ProcedureService.csproj", "{9F7FB387-1168-496B-B357-83618DF16D34}"
EndProject
Project("{9A19103F-16F7-4668-BE54-9A1E7A4F7556}") = "ProcedureInfrastructure", "ProcedureInfrastructure\ProcedureInfrastructure.csproj", "{9BB64600-46AF-4A22-905A-67578CFF447E}"
EndProject
Project("{9A19103F-16F7-4668-BE54-9A1E7A4F7556}") = "ProcedureRepository", "ProcedureRepository\ProcedureRepository.csproj", "{5F7CFFF6-838A-4494-8155-3EA5D8F8FEB9}"
EndProject
Project("{9A19103F-16F7-4668-BE54-9A1E7A4F7556}") = "IProcedureMapper", "IProcedureMapper\IProcedureMapper.csproj", "{64873FCF-BE7B-4510-9A97-471916C83B04}"
EndProject
Project("{9A19103F-16F7-4668-BE54-9A1E7A4F7556}") = "ProcedureMapper", "ProcedureMapper\ProcedureMapper.csproj", "{8D12A007-E755-48DF-8CAC-2105BB54AF4B}"
EndProject
Project("{2150E333-8FDC-42A3-9474-1A3956D46DE8}") = "FHIRSerializer", "FHIRSerializer", "{80043EB2-3434-40F7-94C1-17362BEDF7BF}"
EndProject
Project("{9A19103F-16F7-4668-BE54-9A1E7A4F7556}") = "IFhirSerializer", "IFhirSerializer\IFhirSerializer.csproj", "{5412FD57-34F3-4530-B2A9-2453E75592DF}"
EndProject
Project("{9A19103F-16F7-4668-BE54-9A1E7A4F7556}") = "FhirSerializer", "FhirSerializer\FhirSerializer.csproj", "{33E80590-F8CA-4CE7-B00B-5124F677C3D4}"
EndProject
Project("{2150E333-8FDC-42A3-9474-1A3956D46DE8}") = "CriterionApis", "CriterionApis", "{2A7EF62F-4C13-4D3E-B4A3-3F63F8CD425D}"
EndProject
Project("{FAE04EC0-301F-11D3-BF4B-00C04F79EFBC}") = "CriterionApiService", "CriterionApi\CriterionApiService.csproj", "{F46E6E59-5625-4D8E-97C4-1769F8D057B4}"
EndProject
Project("{FAE04EC0-301F-11D3-BF4B-00C04F79EFBC}") = "ICriterionApiService", "ICriterionApiService\ICriterionApiService.csproj", "{F176A988-D2A7-4801-89B3-3186EFBC211E}"
EndProject
Global
	GlobalSection(SolutionConfigurationPlatforms) = preSolution
		Debug|Any CPU = Debug|Any CPU
		Release|Any CPU = Release|Any CPU
	EndGlobalSection
	GlobalSection(ProjectConfigurationPlatforms) = postSolution
		{F4F4C519-1644-4A25-A000-A8D4F4FB7C9A}.Debug|Any CPU.ActiveCfg = Debug|Any CPU
		{F4F4C519-1644-4A25-A000-A8D4F4FB7C9A}.Debug|Any CPU.Build.0 = Debug|Any CPU
		{F4F4C519-1644-4A25-A000-A8D4F4FB7C9A}.Release|Any CPU.ActiveCfg = Release|Any CPU
		{F4F4C519-1644-4A25-A000-A8D4F4FB7C9A}.Release|Any CPU.Build.0 = Release|Any CPU
		{7BF5FBB3-39B6-462E-AE60-6B25CED413EE}.Debug|Any CPU.ActiveCfg = Debug|Any CPU
		{7BF5FBB3-39B6-462E-AE60-6B25CED413EE}.Debug|Any CPU.Build.0 = Debug|Any CPU
		{7BF5FBB3-39B6-462E-AE60-6B25CED413EE}.Release|Any CPU.ActiveCfg = Release|Any CPU
		{7BF5FBB3-39B6-462E-AE60-6B25CED413EE}.Release|Any CPU.Build.0 = Release|Any CPU
		{D9E0B117-83C1-4D28-8594-3778ECC9627C}.Debug|Any CPU.ActiveCfg = Debug|Any CPU
		{D9E0B117-83C1-4D28-8594-3778ECC9627C}.Debug|Any CPU.Build.0 = Debug|Any CPU
		{D9E0B117-83C1-4D28-8594-3778ECC9627C}.Release|Any CPU.ActiveCfg = Release|Any CPU
		{D9E0B117-83C1-4D28-8594-3778ECC9627C}.Release|Any CPU.Build.0 = Release|Any CPU
		{3370DA32-A759-4FFC-A219-42F5114A85A1}.Debug|Any CPU.ActiveCfg = Debug|Any CPU
		{3370DA32-A759-4FFC-A219-42F5114A85A1}.Debug|Any CPU.Build.0 = Debug|Any CPU
		{3370DA32-A759-4FFC-A219-42F5114A85A1}.Release|Any CPU.ActiveCfg = Release|Any CPU
		{3370DA32-A759-4FFC-A219-42F5114A85A1}.Release|Any CPU.Build.0 = Release|Any CPU
		{FC4D3D35-717C-46ED-B1CE-31A891308DC5}.Debug|Any CPU.ActiveCfg = Debug|Any CPU
		{FC4D3D35-717C-46ED-B1CE-31A891308DC5}.Debug|Any CPU.Build.0 = Debug|Any CPU
		{FC4D3D35-717C-46ED-B1CE-31A891308DC5}.Release|Any CPU.ActiveCfg = Release|Any CPU
		{FC4D3D35-717C-46ED-B1CE-31A891308DC5}.Release|Any CPU.Build.0 = Release|Any CPU
		{CC79B242-BA1B-4A5E-9DAD-3D2A2C5F5458}.Debug|Any CPU.ActiveCfg = Debug|Any CPU
		{CC79B242-BA1B-4A5E-9DAD-3D2A2C5F5458}.Debug|Any CPU.Build.0 = Debug|Any CPU
		{CC79B242-BA1B-4A5E-9DAD-3D2A2C5F5458}.Release|Any CPU.ActiveCfg = Release|Any CPU
		{CC79B242-BA1B-4A5E-9DAD-3D2A2C5F5458}.Release|Any CPU.Build.0 = Release|Any CPU
		{82C93810-94BC-4C17-8FE8-30F4F1E5C300}.Debug|Any CPU.ActiveCfg = Debug|Any CPU
		{82C93810-94BC-4C17-8FE8-30F4F1E5C300}.Debug|Any CPU.Build.0 = Debug|Any CPU
		{82C93810-94BC-4C17-8FE8-30F4F1E5C300}.Release|Any CPU.ActiveCfg = Release|Any CPU
		{82C93810-94BC-4C17-8FE8-30F4F1E5C300}.Release|Any CPU.Build.0 = Release|Any CPU
		{5EF98D79-67E0-43EA-ACB4-65D796BA76B3}.Debug|Any CPU.ActiveCfg = Debug|Any CPU
		{5EF98D79-67E0-43EA-ACB4-65D796BA76B3}.Debug|Any CPU.Build.0 = Debug|Any CPU
		{5EF98D79-67E0-43EA-ACB4-65D796BA76B3}.Release|Any CPU.ActiveCfg = Release|Any CPU
		{5EF98D79-67E0-43EA-ACB4-65D796BA76B3}.Release|Any CPU.Build.0 = Release|Any CPU
		{16C979DD-8730-4439-B207-357E37F41AF6}.Debug|Any CPU.ActiveCfg = Debug|Any CPU
		{16C979DD-8730-4439-B207-357E37F41AF6}.Debug|Any CPU.Build.0 = Debug|Any CPU
		{16C979DD-8730-4439-B207-357E37F41AF6}.Release|Any CPU.ActiveCfg = Release|Any CPU
		{16C979DD-8730-4439-B207-357E37F41AF6}.Release|Any CPU.Build.0 = Release|Any CPU
		{FB4D7E0A-E974-480F-BC94-4F075FD7DE63}.Debug|Any CPU.ActiveCfg = Debug|Any CPU
		{FB4D7E0A-E974-480F-BC94-4F075FD7DE63}.Debug|Any CPU.Build.0 = Debug|Any CPU
		{FB4D7E0A-E974-480F-BC94-4F075FD7DE63}.Release|Any CPU.ActiveCfg = Release|Any CPU
		{FB4D7E0A-E974-480F-BC94-4F075FD7DE63}.Release|Any CPU.Build.0 = Release|Any CPU
		{C1AA5147-5DCD-4D52-A926-AC8FE2346277}.Debug|Any CPU.ActiveCfg = Debug|Any CPU
		{C1AA5147-5DCD-4D52-A926-AC8FE2346277}.Debug|Any CPU.Build.0 = Debug|Any CPU
		{C1AA5147-5DCD-4D52-A926-AC8FE2346277}.Release|Any CPU.ActiveCfg = Release|Any CPU
		{C1AA5147-5DCD-4D52-A926-AC8FE2346277}.Release|Any CPU.Build.0 = Release|Any CPU
		{6F51E6A0-0196-4C7E-9AF7-835115BB868F}.Debug|Any CPU.ActiveCfg = Debug|Any CPU
		{6F51E6A0-0196-4C7E-9AF7-835115BB868F}.Debug|Any CPU.Build.0 = Debug|Any CPU
		{6F51E6A0-0196-4C7E-9AF7-835115BB868F}.Release|Any CPU.ActiveCfg = Release|Any CPU
		{6F51E6A0-0196-4C7E-9AF7-835115BB868F}.Release|Any CPU.Build.0 = Release|Any CPU
		{4C22CBDC-76D0-4E93-9E50-1B78B10EC6E9}.Debug|Any CPU.ActiveCfg = Debug|Any CPU
		{4C22CBDC-76D0-4E93-9E50-1B78B10EC6E9}.Debug|Any CPU.Build.0 = Debug|Any CPU
		{4C22CBDC-76D0-4E93-9E50-1B78B10EC6E9}.Release|Any CPU.ActiveCfg = Release|Any CPU
		{4C22CBDC-76D0-4E93-9E50-1B78B10EC6E9}.Release|Any CPU.Build.0 = Release|Any CPU
		{C7619387-55A8-4FB5-B251-68FA1D8CC139}.Debug|Any CPU.ActiveCfg = Debug|Any CPU
		{C7619387-55A8-4FB5-B251-68FA1D8CC139}.Debug|Any CPU.Build.0 = Debug|Any CPU
		{C7619387-55A8-4FB5-B251-68FA1D8CC139}.Release|Any CPU.ActiveCfg = Release|Any CPU
		{C7619387-55A8-4FB5-B251-68FA1D8CC139}.Release|Any CPU.Build.0 = Release|Any CPU
		{B90B8AC2-1788-4D16-8FBD-B02A66ADAAA3}.Debug|Any CPU.ActiveCfg = Debug|Any CPU
		{B90B8AC2-1788-4D16-8FBD-B02A66ADAAA3}.Debug|Any CPU.Build.0 = Debug|Any CPU
		{B90B8AC2-1788-4D16-8FBD-B02A66ADAAA3}.Release|Any CPU.ActiveCfg = Release|Any CPU
		{B90B8AC2-1788-4D16-8FBD-B02A66ADAAA3}.Release|Any CPU.Build.0 = Release|Any CPU
		{06720EC7-9B23-4650-90F9-4DDCFDB1CE1B}.Debug|Any CPU.ActiveCfg = Debug|Any CPU
		{06720EC7-9B23-4650-90F9-4DDCFDB1CE1B}.Debug|Any CPU.Build.0 = Debug|Any CPU
		{06720EC7-9B23-4650-90F9-4DDCFDB1CE1B}.Release|Any CPU.ActiveCfg = Release|Any CPU
		{06720EC7-9B23-4650-90F9-4DDCFDB1CE1B}.Release|Any CPU.Build.0 = Release|Any CPU
		{75F3889C-5064-48D2-A0FA-6C9C17F8CCED}.Debug|Any CPU.ActiveCfg = Debug|Any CPU
		{75F3889C-5064-48D2-A0FA-6C9C17F8CCED}.Debug|Any CPU.Build.0 = Debug|Any CPU
		{75F3889C-5064-48D2-A0FA-6C9C17F8CCED}.Release|Any CPU.ActiveCfg = Release|Any CPU
		{75F3889C-5064-48D2-A0FA-6C9C17F8CCED}.Release|Any CPU.Build.0 = Release|Any CPU
		{90AC5ED6-86F4-41C7-9DAF-9C9E217D861E}.Debug|Any CPU.ActiveCfg = Debug|Any CPU
		{90AC5ED6-86F4-41C7-9DAF-9C9E217D861E}.Debug|Any CPU.Build.0 = Debug|Any CPU
		{90AC5ED6-86F4-41C7-9DAF-9C9E217D861E}.Release|Any CPU.ActiveCfg = Release|Any CPU
		{90AC5ED6-86F4-41C7-9DAF-9C9E217D861E}.Release|Any CPU.Build.0 = Release|Any CPU
		{9B710232-D6D6-462B-85BA-394E0616C3A9}.Debug|Any CPU.ActiveCfg = Debug|Any CPU
		{9B710232-D6D6-462B-85BA-394E0616C3A9}.Debug|Any CPU.Build.0 = Debug|Any CPU
		{9B710232-D6D6-462B-85BA-394E0616C3A9}.Release|Any CPU.ActiveCfg = Release|Any CPU
		{9B710232-D6D6-462B-85BA-394E0616C3A9}.Release|Any CPU.Build.0 = Release|Any CPU
		{8A02F4D4-6623-47D4-A4FA-678439E4DB5D}.Debug|Any CPU.ActiveCfg = Debug|Any CPU
		{8A02F4D4-6623-47D4-A4FA-678439E4DB5D}.Debug|Any CPU.Build.0 = Debug|Any CPU
		{8A02F4D4-6623-47D4-A4FA-678439E4DB5D}.Release|Any CPU.ActiveCfg = Release|Any CPU
		{8A02F4D4-6623-47D4-A4FA-678439E4DB5D}.Release|Any CPU.Build.0 = Release|Any CPU
		{E6FF65F5-F77E-4B92-A8C6-00AFE1E21361}.Debug|Any CPU.ActiveCfg = Debug|Any CPU
		{E6FF65F5-F77E-4B92-A8C6-00AFE1E21361}.Debug|Any CPU.Build.0 = Debug|Any CPU
		{E6FF65F5-F77E-4B92-A8C6-00AFE1E21361}.Release|Any CPU.ActiveCfg = Release|Any CPU
		{E6FF65F5-F77E-4B92-A8C6-00AFE1E21361}.Release|Any CPU.Build.0 = Release|Any CPU
		{4F01971C-8817-4A35-90D3-EFE78888D8E1}.Debug|Any CPU.ActiveCfg = Debug|Any CPU
		{4F01971C-8817-4A35-90D3-EFE78888D8E1}.Debug|Any CPU.Build.0 = Debug|Any CPU
		{4F01971C-8817-4A35-90D3-EFE78888D8E1}.Release|Any CPU.ActiveCfg = Release|Any CPU
		{4F01971C-8817-4A35-90D3-EFE78888D8E1}.Release|Any CPU.Build.0 = Release|Any CPU
		{6E8172F1-E4C3-48E0-89E8-83E043CCBAC1}.Debug|Any CPU.ActiveCfg = Debug|Any CPU
		{6E8172F1-E4C3-48E0-89E8-83E043CCBAC1}.Debug|Any CPU.Build.0 = Debug|Any CPU
		{6E8172F1-E4C3-48E0-89E8-83E043CCBAC1}.Release|Any CPU.ActiveCfg = Release|Any CPU
		{6E8172F1-E4C3-48E0-89E8-83E043CCBAC1}.Release|Any CPU.Build.0 = Release|Any CPU
		{18F37E0D-6889-44FD-971B-3F81C1E519AB}.Debug|Any CPU.ActiveCfg = Debug|Any CPU
		{18F37E0D-6889-44FD-971B-3F81C1E519AB}.Debug|Any CPU.Build.0 = Debug|Any CPU
		{18F37E0D-6889-44FD-971B-3F81C1E519AB}.Release|Any CPU.ActiveCfg = Release|Any CPU
		{18F37E0D-6889-44FD-971B-3F81C1E519AB}.Release|Any CPU.Build.0 = Release|Any CPU
		{1CF2FE00-01FE-4CD6-B8FF-CEB346BA6499}.Debug|Any CPU.ActiveCfg = Debug|Any CPU
		{1CF2FE00-01FE-4CD6-B8FF-CEB346BA6499}.Debug|Any CPU.Build.0 = Debug|Any CPU
		{1CF2FE00-01FE-4CD6-B8FF-CEB346BA6499}.Release|Any CPU.ActiveCfg = Release|Any CPU
		{1CF2FE00-01FE-4CD6-B8FF-CEB346BA6499}.Release|Any CPU.Build.0 = Release|Any CPU
		{F90F571F-2ADE-4715-8A8A-E0187F318CCE}.Debug|Any CPU.ActiveCfg = Debug|Any CPU
		{F90F571F-2ADE-4715-8A8A-E0187F318CCE}.Debug|Any CPU.Build.0 = Debug|Any CPU
		{F90F571F-2ADE-4715-8A8A-E0187F318CCE}.Release|Any CPU.ActiveCfg = Release|Any CPU
		{F90F571F-2ADE-4715-8A8A-E0187F318CCE}.Release|Any CPU.Build.0 = Release|Any CPU
		{53151792-0053-493A-AC9F-B30BBC75B287}.Debug|Any CPU.ActiveCfg = Debug|Any CPU
		{53151792-0053-493A-AC9F-B30BBC75B287}.Debug|Any CPU.Build.0 = Debug|Any CPU
		{53151792-0053-493A-AC9F-B30BBC75B287}.Release|Any CPU.ActiveCfg = Release|Any CPU
		{53151792-0053-493A-AC9F-B30BBC75B287}.Release|Any CPU.Build.0 = Release|Any CPU
		{3DBB9868-9997-4DDA-A16D-FA0CD983683A}.Debug|Any CPU.ActiveCfg = Debug|Any CPU
		{3DBB9868-9997-4DDA-A16D-FA0CD983683A}.Debug|Any CPU.Build.0 = Debug|Any CPU
		{3DBB9868-9997-4DDA-A16D-FA0CD983683A}.Release|Any CPU.ActiveCfg = Release|Any CPU
		{3DBB9868-9997-4DDA-A16D-FA0CD983683A}.Release|Any CPU.Build.0 = Release|Any CPU
		{45D65819-36EF-4381-9AE3-9E5F0501EB8E}.Debug|Any CPU.ActiveCfg = Debug|Any CPU
		{45D65819-36EF-4381-9AE3-9E5F0501EB8E}.Debug|Any CPU.Build.0 = Debug|Any CPU
		{45D65819-36EF-4381-9AE3-9E5F0501EB8E}.Release|Any CPU.ActiveCfg = Release|Any CPU
		{45D65819-36EF-4381-9AE3-9E5F0501EB8E}.Release|Any CPU.Build.0 = Release|Any CPU
		{F6B7D21A-EE9E-4A75-B83E-876FF82680F0}.Debug|Any CPU.ActiveCfg = Debug|Any CPU
		{F6B7D21A-EE9E-4A75-B83E-876FF82680F0}.Debug|Any CPU.Build.0 = Debug|Any CPU
		{F6B7D21A-EE9E-4A75-B83E-876FF82680F0}.Release|Any CPU.ActiveCfg = Release|Any CPU
		{F6B7D21A-EE9E-4A75-B83E-876FF82680F0}.Release|Any CPU.Build.0 = Release|Any CPU
		{7460462F-7B0A-4D78-B938-76656349D827}.Debug|Any CPU.ActiveCfg = Debug|Any CPU
		{7460462F-7B0A-4D78-B938-76656349D827}.Debug|Any CPU.Build.0 = Debug|Any CPU
		{7460462F-7B0A-4D78-B938-76656349D827}.Release|Any CPU.ActiveCfg = Release|Any CPU
		{7460462F-7B0A-4D78-B938-76656349D827}.Release|Any CPU.Build.0 = Release|Any CPU
		{61BE26CF-D4F2-4BEC-8117-36F6B7563388}.Debug|Any CPU.ActiveCfg = Debug|Any CPU
		{61BE26CF-D4F2-4BEC-8117-36F6B7563388}.Debug|Any CPU.Build.0 = Debug|Any CPU
		{61BE26CF-D4F2-4BEC-8117-36F6B7563388}.Release|Any CPU.ActiveCfg = Release|Any CPU
		{61BE26CF-D4F2-4BEC-8117-36F6B7563388}.Release|Any CPU.Build.0 = Release|Any CPU
		{E38D32D1-3689-490E-BB7A-BA20172490C0}.Debug|Any CPU.ActiveCfg = Debug|Any CPU
		{E38D32D1-3689-490E-BB7A-BA20172490C0}.Debug|Any CPU.Build.0 = Debug|Any CPU
		{E38D32D1-3689-490E-BB7A-BA20172490C0}.Release|Any CPU.ActiveCfg = Release|Any CPU
		{E38D32D1-3689-490E-BB7A-BA20172490C0}.Release|Any CPU.Build.0 = Release|Any CPU
		{33D76204-A5CC-4C87-8258-0CCF89873EEC}.Debug|Any CPU.ActiveCfg = Debug|Any CPU
		{33D76204-A5CC-4C87-8258-0CCF89873EEC}.Debug|Any CPU.Build.0 = Debug|Any CPU
		{33D76204-A5CC-4C87-8258-0CCF89873EEC}.Release|Any CPU.ActiveCfg = Release|Any CPU
		{33D76204-A5CC-4C87-8258-0CCF89873EEC}.Release|Any CPU.Build.0 = Release|Any CPU
		{FFF87334-BECA-4B8B-8443-68064525A7B5}.Debug|Any CPU.ActiveCfg = Debug|Any CPU
		{FFF87334-BECA-4B8B-8443-68064525A7B5}.Debug|Any CPU.Build.0 = Debug|Any CPU
		{FFF87334-BECA-4B8B-8443-68064525A7B5}.Release|Any CPU.ActiveCfg = Release|Any CPU
		{FFF87334-BECA-4B8B-8443-68064525A7B5}.Release|Any CPU.Build.0 = Release|Any CPU
		{E1837EFE-6A6E-4977-AFEA-174991C90E49}.Debug|Any CPU.ActiveCfg = Debug|Any CPU
		{E1837EFE-6A6E-4977-AFEA-174991C90E49}.Debug|Any CPU.Build.0 = Debug|Any CPU
		{E1837EFE-6A6E-4977-AFEA-174991C90E49}.Release|Any CPU.ActiveCfg = Release|Any CPU
		{E1837EFE-6A6E-4977-AFEA-174991C90E49}.Release|Any CPU.Build.0 = Release|Any CPU
		{77E54CBA-A320-4A4A-A71F-87E3D6B0171D}.Debug|Any CPU.ActiveCfg = Debug|Any CPU
		{77E54CBA-A320-4A4A-A71F-87E3D6B0171D}.Debug|Any CPU.Build.0 = Debug|Any CPU
		{77E54CBA-A320-4A4A-A71F-87E3D6B0171D}.Release|Any CPU.ActiveCfg = Release|Any CPU
		{77E54CBA-A320-4A4A-A71F-87E3D6B0171D}.Release|Any CPU.Build.0 = Release|Any CPU
		{9DC6F552-7720-4A2D-9DD8-8F03BC3B0211}.Debug|Any CPU.ActiveCfg = Debug|Any CPU
		{9DC6F552-7720-4A2D-9DD8-8F03BC3B0211}.Debug|Any CPU.Build.0 = Debug|Any CPU
		{9DC6F552-7720-4A2D-9DD8-8F03BC3B0211}.Release|Any CPU.ActiveCfg = Release|Any CPU
		{9DC6F552-7720-4A2D-9DD8-8F03BC3B0211}.Release|Any CPU.Build.0 = Release|Any CPU
		{11E2B101-95EC-4C6E-AAD8-58FD649F722F}.Debug|Any CPU.ActiveCfg = Debug|Any CPU
		{11E2B101-95EC-4C6E-AAD8-58FD649F722F}.Debug|Any CPU.Build.0 = Debug|Any CPU
		{11E2B101-95EC-4C6E-AAD8-58FD649F722F}.Release|Any CPU.ActiveCfg = Release|Any CPU
		{11E2B101-95EC-4C6E-AAD8-58FD649F722F}.Release|Any CPU.Build.0 = Release|Any CPU
		{A9CDB84B-DDB0-48BE-B960-E7E17E30EC83}.Debug|Any CPU.ActiveCfg = Debug|Any CPU
		{A9CDB84B-DDB0-48BE-B960-E7E17E30EC83}.Debug|Any CPU.Build.0 = Debug|Any CPU
		{A9CDB84B-DDB0-48BE-B960-E7E17E30EC83}.Release|Any CPU.ActiveCfg = Release|Any CPU
		{A9CDB84B-DDB0-48BE-B960-E7E17E30EC83}.Release|Any CPU.Build.0 = Release|Any CPU
		{159C5418-E99C-4578-96BF-D30C55E72D20}.Debug|Any CPU.ActiveCfg = Debug|Any CPU
		{159C5418-E99C-4578-96BF-D30C55E72D20}.Debug|Any CPU.Build.0 = Debug|Any CPU
		{159C5418-E99C-4578-96BF-D30C55E72D20}.Release|Any CPU.ActiveCfg = Release|Any CPU
		{159C5418-E99C-4578-96BF-D30C55E72D20}.Release|Any CPU.Build.0 = Release|Any CPU
		{7D511B13-532E-4D9C-9666-8F424FB0F02A}.Debug|Any CPU.ActiveCfg = Debug|Any CPU
		{7D511B13-532E-4D9C-9666-8F424FB0F02A}.Debug|Any CPU.Build.0 = Debug|Any CPU
		{7D511B13-532E-4D9C-9666-8F424FB0F02A}.Release|Any CPU.ActiveCfg = Release|Any CPU
		{7D511B13-532E-4D9C-9666-8F424FB0F02A}.Release|Any CPU.Build.0 = Release|Any CPU
		{411C2773-552F-469D-891E-DC1D4CA15F26}.Debug|Any CPU.ActiveCfg = Debug|Any CPU
		{411C2773-552F-469D-891E-DC1D4CA15F26}.Debug|Any CPU.Build.0 = Debug|Any CPU
		{411C2773-552F-469D-891E-DC1D4CA15F26}.Release|Any CPU.ActiveCfg = Release|Any CPU
		{411C2773-552F-469D-891E-DC1D4CA15F26}.Release|Any CPU.Build.0 = Release|Any CPU
		{D5995410-781C-4CD3-87F0-E974EC1253C2}.Debug|Any CPU.ActiveCfg = Debug|Any CPU
		{D5995410-781C-4CD3-87F0-E974EC1253C2}.Debug|Any CPU.Build.0 = Debug|Any CPU
		{D5995410-781C-4CD3-87F0-E974EC1253C2}.Release|Any CPU.ActiveCfg = Release|Any CPU
		{D5995410-781C-4CD3-87F0-E974EC1253C2}.Release|Any CPU.Build.0 = Release|Any CPU
		{611EAC8C-8D6E-4358-9405-152BC45360D0}.Debug|Any CPU.ActiveCfg = Debug|Any CPU
		{611EAC8C-8D6E-4358-9405-152BC45360D0}.Debug|Any CPU.Build.0 = Debug|Any CPU
		{611EAC8C-8D6E-4358-9405-152BC45360D0}.Release|Any CPU.ActiveCfg = Release|Any CPU
		{611EAC8C-8D6E-4358-9405-152BC45360D0}.Release|Any CPU.Build.0 = Release|Any CPU
		{0020A6DA-2E56-4763-9F23-2FD1D8CE0B55}.Debug|Any CPU.ActiveCfg = Debug|Any CPU
		{0020A6DA-2E56-4763-9F23-2FD1D8CE0B55}.Debug|Any CPU.Build.0 = Debug|Any CPU
		{0020A6DA-2E56-4763-9F23-2FD1D8CE0B55}.Release|Any CPU.ActiveCfg = Release|Any CPU
		{0020A6DA-2E56-4763-9F23-2FD1D8CE0B55}.Release|Any CPU.Build.0 = Release|Any CPU
		{11708895-401A-41F7-AD1B-F04C7D114857}.Debug|Any CPU.ActiveCfg = Debug|Any CPU
		{11708895-401A-41F7-AD1B-F04C7D114857}.Debug|Any CPU.Build.0 = Debug|Any CPU
		{11708895-401A-41F7-AD1B-F04C7D114857}.Release|Any CPU.ActiveCfg = Release|Any CPU
		{11708895-401A-41F7-AD1B-F04C7D114857}.Release|Any CPU.Build.0 = Release|Any CPU
		{1498D84D-5860-4700-9AE5-1CE0BCB1739E}.Debug|Any CPU.ActiveCfg = Debug|Any CPU
		{1498D84D-5860-4700-9AE5-1CE0BCB1739E}.Debug|Any CPU.Build.0 = Debug|Any CPU
		{1498D84D-5860-4700-9AE5-1CE0BCB1739E}.Release|Any CPU.ActiveCfg = Release|Any CPU
		{1498D84D-5860-4700-9AE5-1CE0BCB1739E}.Release|Any CPU.Build.0 = Release|Any CPU
		{E620CD18-2A62-4DEF-AC22-FEA1F4D4575D}.Debug|Any CPU.ActiveCfg = Debug|Any CPU
		{E620CD18-2A62-4DEF-AC22-FEA1F4D4575D}.Debug|Any CPU.Build.0 = Debug|Any CPU
		{E620CD18-2A62-4DEF-AC22-FEA1F4D4575D}.Release|Any CPU.ActiveCfg = Release|Any CPU
		{E620CD18-2A62-4DEF-AC22-FEA1F4D4575D}.Release|Any CPU.Build.0 = Release|Any CPU
		{161DC845-D640-47D3-B237-24FE5CC1ECB0}.Debug|Any CPU.ActiveCfg = Debug|Any CPU
		{161DC845-D640-47D3-B237-24FE5CC1ECB0}.Debug|Any CPU.Build.0 = Debug|Any CPU
		{161DC845-D640-47D3-B237-24FE5CC1ECB0}.Release|Any CPU.ActiveCfg = Release|Any CPU
		{161DC845-D640-47D3-B237-24FE5CC1ECB0}.Release|Any CPU.Build.0 = Release|Any CPU
		{430BCF64-C9B0-4953-9EA0-CF76AF8CF836}.Debug|Any CPU.ActiveCfg = Debug|Any CPU
		{430BCF64-C9B0-4953-9EA0-CF76AF8CF836}.Debug|Any CPU.Build.0 = Debug|Any CPU
		{430BCF64-C9B0-4953-9EA0-CF76AF8CF836}.Release|Any CPU.ActiveCfg = Release|Any CPU
		{430BCF64-C9B0-4953-9EA0-CF76AF8CF836}.Release|Any CPU.Build.0 = Release|Any CPU
		{B8D4F622-AB94-473F-AF99-EC8317718E4B}.Debug|Any CPU.ActiveCfg = Debug|Any CPU
		{B8D4F622-AB94-473F-AF99-EC8317718E4B}.Debug|Any CPU.Build.0 = Debug|Any CPU
		{B8D4F622-AB94-473F-AF99-EC8317718E4B}.Release|Any CPU.ActiveCfg = Release|Any CPU
		{B8D4F622-AB94-473F-AF99-EC8317718E4B}.Release|Any CPU.Build.0 = Release|Any CPU
		{9F7FB387-1168-496B-B357-83618DF16D34}.Debug|Any CPU.ActiveCfg = Debug|Any CPU
		{9F7FB387-1168-496B-B357-83618DF16D34}.Debug|Any CPU.Build.0 = Debug|Any CPU
		{9F7FB387-1168-496B-B357-83618DF16D34}.Release|Any CPU.ActiveCfg = Release|Any CPU
		{9F7FB387-1168-496B-B357-83618DF16D34}.Release|Any CPU.Build.0 = Release|Any CPU
		{9BB64600-46AF-4A22-905A-67578CFF447E}.Debug|Any CPU.ActiveCfg = Debug|Any CPU
		{9BB64600-46AF-4A22-905A-67578CFF447E}.Debug|Any CPU.Build.0 = Debug|Any CPU
		{9BB64600-46AF-4A22-905A-67578CFF447E}.Release|Any CPU.ActiveCfg = Release|Any CPU
		{9BB64600-46AF-4A22-905A-67578CFF447E}.Release|Any CPU.Build.0 = Release|Any CPU
		{5F7CFFF6-838A-4494-8155-3EA5D8F8FEB9}.Debug|Any CPU.ActiveCfg = Debug|Any CPU
		{5F7CFFF6-838A-4494-8155-3EA5D8F8FEB9}.Debug|Any CPU.Build.0 = Debug|Any CPU
		{5F7CFFF6-838A-4494-8155-3EA5D8F8FEB9}.Release|Any CPU.ActiveCfg = Release|Any CPU
		{5F7CFFF6-838A-4494-8155-3EA5D8F8FEB9}.Release|Any CPU.Build.0 = Release|Any CPU
		{64873FCF-BE7B-4510-9A97-471916C83B04}.Debug|Any CPU.ActiveCfg = Debug|Any CPU
		{64873FCF-BE7B-4510-9A97-471916C83B04}.Debug|Any CPU.Build.0 = Debug|Any CPU
		{64873FCF-BE7B-4510-9A97-471916C83B04}.Release|Any CPU.ActiveCfg = Release|Any CPU
		{64873FCF-BE7B-4510-9A97-471916C83B04}.Release|Any CPU.Build.0 = Release|Any CPU
		{8D12A007-E755-48DF-8CAC-2105BB54AF4B}.Debug|Any CPU.ActiveCfg = Debug|Any CPU
		{8D12A007-E755-48DF-8CAC-2105BB54AF4B}.Debug|Any CPU.Build.0 = Debug|Any CPU
		{8D12A007-E755-48DF-8CAC-2105BB54AF4B}.Release|Any CPU.ActiveCfg = Release|Any CPU
		{8D12A007-E755-48DF-8CAC-2105BB54AF4B}.Release|Any CPU.Build.0 = Release|Any CPU
		{5412FD57-34F3-4530-B2A9-2453E75592DF}.Debug|Any CPU.ActiveCfg = Debug|Any CPU
		{5412FD57-34F3-4530-B2A9-2453E75592DF}.Debug|Any CPU.Build.0 = Debug|Any CPU
		{5412FD57-34F3-4530-B2A9-2453E75592DF}.Release|Any CPU.ActiveCfg = Release|Any CPU
		{5412FD57-34F3-4530-B2A9-2453E75592DF}.Release|Any CPU.Build.0 = Release|Any CPU
		{33E80590-F8CA-4CE7-B00B-5124F677C3D4}.Debug|Any CPU.ActiveCfg = Debug|Any CPU
		{33E80590-F8CA-4CE7-B00B-5124F677C3D4}.Debug|Any CPU.Build.0 = Debug|Any CPU
		{33E80590-F8CA-4CE7-B00B-5124F677C3D4}.Release|Any CPU.ActiveCfg = Release|Any CPU
		{33E80590-F8CA-4CE7-B00B-5124F677C3D4}.Release|Any CPU.Build.0 = Release|Any CPU
		{F46E6E59-5625-4D8E-97C4-1769F8D057B4}.Debug|Any CPU.ActiveCfg = Debug|Any CPU
		{F46E6E59-5625-4D8E-97C4-1769F8D057B4}.Debug|Any CPU.Build.0 = Debug|Any CPU
		{F46E6E59-5625-4D8E-97C4-1769F8D057B4}.Release|Any CPU.ActiveCfg = Release|Any CPU
		{F46E6E59-5625-4D8E-97C4-1769F8D057B4}.Release|Any CPU.Build.0 = Release|Any CPU
		{F176A988-D2A7-4801-89B3-3186EFBC211E}.Debug|Any CPU.ActiveCfg = Debug|Any CPU
		{F176A988-D2A7-4801-89B3-3186EFBC211E}.Debug|Any CPU.Build.0 = Debug|Any CPU
		{F176A988-D2A7-4801-89B3-3186EFBC211E}.Release|Any CPU.ActiveCfg = Release|Any CPU
		{F176A988-D2A7-4801-89B3-3186EFBC211E}.Release|Any CPU.Build.0 = Release|Any CPU
	EndGlobalSection
	GlobalSection(SolutionProperties) = preSolution
		HideSolutionNode = FALSE
	EndGlobalSection
	GlobalSection(NestedProjects) = preSolution
		{7BF5FBB3-39B6-462E-AE60-6B25CED413EE} = {D3DD8E0A-8D61-4C28-967F-5719BD7F9B06}
		{D9E0B117-83C1-4D28-8594-3778ECC9627C} = {D3DD8E0A-8D61-4C28-967F-5719BD7F9B06}
		{3370DA32-A759-4FFC-A219-42F5114A85A1} = {B7C9AF4D-E111-4A72-ADFB-76C9459BBDD6}
		{FC4D3D35-717C-46ED-B1CE-31A891308DC5} = {B7C9AF4D-E111-4A72-ADFB-76C9459BBDD6}
		{CC79B242-BA1B-4A5E-9DAD-3D2A2C5F5458} = {B7C9AF4D-E111-4A72-ADFB-76C9459BBDD6}
		{82C93810-94BC-4C17-8FE8-30F4F1E5C300} = {B7C9AF4D-E111-4A72-ADFB-76C9459BBDD6}
		{5EF98D79-67E0-43EA-ACB4-65D796BA76B3} = {B7C9AF4D-E111-4A72-ADFB-76C9459BBDD6}
		{16C979DD-8730-4439-B207-357E37F41AF6} = {B7C9AF4D-E111-4A72-ADFB-76C9459BBDD6}
		{6F51E6A0-0196-4C7E-9AF7-835115BB868F} = {5AF8309B-BBF4-451B-A34E-53F0F76E8743}
		{4C22CBDC-76D0-4E93-9E50-1B78B10EC6E9} = {5AF8309B-BBF4-451B-A34E-53F0F76E8743}
		{C7619387-55A8-4FB5-B251-68FA1D8CC139} = {5AF8309B-BBF4-451B-A34E-53F0F76E8743}
		{B90B8AC2-1788-4D16-8FBD-B02A66ADAAA3} = {5AF8309B-BBF4-451B-A34E-53F0F76E8743}
		{06720EC7-9B23-4650-90F9-4DDCFDB1CE1B} = {5AF8309B-BBF4-451B-A34E-53F0F76E8743}
		{75F3889C-5064-48D2-A0FA-6C9C17F8CCED} = {5AF8309B-BBF4-451B-A34E-53F0F76E8743}
		{90AC5ED6-86F4-41C7-9DAF-9C9E217D861E} = {B7C9AF4D-E111-4A72-ADFB-76C9459BBDD6}
		{9B710232-D6D6-462B-85BA-394E0616C3A9} = {B7C9AF4D-E111-4A72-ADFB-76C9459BBDD6}
		{8A02F4D4-6623-47D4-A4FA-678439E4DB5D} = {72D6A9AD-B874-40C2-A7F6-8824743A6977}
		{E6FF65F5-F77E-4B92-A8C6-00AFE1E21361} = {72D6A9AD-B874-40C2-A7F6-8824743A6977}
		{4F01971C-8817-4A35-90D3-EFE78888D8E1} = {36A47068-7B71-4797-8EA8-DA737E70DF75}
		{6E8172F1-E4C3-48E0-89E8-83E043CCBAC1} = {36A47068-7B71-4797-8EA8-DA737E70DF75}
		{18F37E0D-6889-44FD-971B-3F81C1E519AB} = {36A47068-7B71-4797-8EA8-DA737E70DF75}
		{1CF2FE00-01FE-4CD6-B8FF-CEB346BA6499} = {36A47068-7B71-4797-8EA8-DA737E70DF75}
		{F90F571F-2ADE-4715-8A8A-E0187F318CCE} = {36A47068-7B71-4797-8EA8-DA737E70DF75}
		{53151792-0053-493A-AC9F-B30BBC75B287} = {36A47068-7B71-4797-8EA8-DA737E70DF75}
		{3DBB9868-9997-4DDA-A16D-FA0CD983683A} = {36A47068-7B71-4797-8EA8-DA737E70DF75}
		{45D65819-36EF-4381-9AE3-9E5F0501EB8E} = {36A47068-7B71-4797-8EA8-DA737E70DF75}
		{F6B7D21A-EE9E-4A75-B83E-876FF82680F0} = {F734D906-F82C-433F-BBF2-1873208AAB47}
		{7460462F-7B0A-4D78-B938-76656349D827} = {F734D906-F82C-433F-BBF2-1873208AAB47}
		{61BE26CF-D4F2-4BEC-8117-36F6B7563388} = {F734D906-F82C-433F-BBF2-1873208AAB47}
		{E38D32D1-3689-490E-BB7A-BA20172490C0} = {F734D906-F82C-433F-BBF2-1873208AAB47}
		{33D76204-A5CC-4C87-8258-0CCF89873EEC} = {F734D906-F82C-433F-BBF2-1873208AAB47}
		{FFF87334-BECA-4B8B-8443-68064525A7B5} = {F734D906-F82C-433F-BBF2-1873208AAB47}
		{E1837EFE-6A6E-4977-AFEA-174991C90E49} = {F734D906-F82C-433F-BBF2-1873208AAB47}
		{77E54CBA-A320-4A4A-A71F-87E3D6B0171D} = {F734D906-F82C-433F-BBF2-1873208AAB47}
		{9DC6F552-7720-4A2D-9DD8-8F03BC3B0211} = {F734D906-F82C-433F-BBF2-1873208AAB47}
		{11E2B101-95EC-4C6E-AAD8-58FD649F722F} = {F734D906-F82C-433F-BBF2-1873208AAB47}
		{A9CDB84B-DDB0-48BE-B960-E7E17E30EC83} = {F734D906-F82C-433F-BBF2-1873208AAB47}
		{159C5418-E99C-4578-96BF-D30C55E72D20} = {F734D906-F82C-433F-BBF2-1873208AAB47}
		{7D511B13-532E-4D9C-9666-8F424FB0F02A} = {F734D906-F82C-433F-BBF2-1873208AAB47}
		{411C2773-552F-469D-891E-DC1D4CA15F26} = {F734D906-F82C-433F-BBF2-1873208AAB47}
		{D5995410-781C-4CD3-87F0-E974EC1253C2} = {B130DEC1-6E39-45EC-9A74-DD4493B09455}
		{611EAC8C-8D6E-4358-9405-152BC45360D0} = {B130DEC1-6E39-45EC-9A74-DD4493B09455}
		{0020A6DA-2E56-4763-9F23-2FD1D8CE0B55} = {B130DEC1-6E39-45EC-9A74-DD4493B09455}
		{11708895-401A-41F7-AD1B-F04C7D114857} = {B130DEC1-6E39-45EC-9A74-DD4493B09455}
		{1498D84D-5860-4700-9AE5-1CE0BCB1739E} = {B130DEC1-6E39-45EC-9A74-DD4493B09455}
		{E620CD18-2A62-4DEF-AC22-FEA1F4D4575D} = {B130DEC1-6E39-45EC-9A74-DD4493B09455}
		{161DC845-D640-47D3-B237-24FE5CC1ECB0} = {83AC9BD6-62D8-4ACB-9401-822BB5AF117D}
		{430BCF64-C9B0-4953-9EA0-CF76AF8CF836} = {83AC9BD6-62D8-4ACB-9401-822BB5AF117D}
		{B8D4F622-AB94-473F-AF99-EC8317718E4B} = {83AC9BD6-62D8-4ACB-9401-822BB5AF117D}
		{9F7FB387-1168-496B-B357-83618DF16D34} = {83AC9BD6-62D8-4ACB-9401-822BB5AF117D}
		{9BB64600-46AF-4A22-905A-67578CFF447E} = {83AC9BD6-62D8-4ACB-9401-822BB5AF117D}
		{5F7CFFF6-838A-4494-8155-3EA5D8F8FEB9} = {83AC9BD6-62D8-4ACB-9401-822BB5AF117D}
		{64873FCF-BE7B-4510-9A97-471916C83B04} = {83AC9BD6-62D8-4ACB-9401-822BB5AF117D}
		{8D12A007-E755-48DF-8CAC-2105BB54AF4B} = {83AC9BD6-62D8-4ACB-9401-822BB5AF117D}
		{5412FD57-34F3-4530-B2A9-2453E75592DF} = {80043EB2-3434-40F7-94C1-17362BEDF7BF}
		{33E80590-F8CA-4CE7-B00B-5124F677C3D4} = {80043EB2-3434-40F7-94C1-17362BEDF7BF}
		{F46E6E59-5625-4D8E-97C4-1769F8D057B4} = {2A7EF62F-4C13-4D3E-B4A3-3F63F8CD425D}
		{F176A988-D2A7-4801-89B3-3186EFBC211E} = {2A7EF62F-4C13-4D3E-B4A3-3F63F8CD425D}
	EndGlobalSection
	GlobalSection(ExtensibilityGlobals) = postSolution
		SolutionGuid = {5ED9E22A-ABD1-42F5-985B-89363CF5BAD1}
	EndGlobalSection
EndGlobal
